{
  "name": "Kandidatexamen",
  "lockfileVersion": 3,
  "requires": true,
  "packages": {
    "": {
      "dependencies": {
        "babylonjs": "^6.46.0",
        "three": "^0.162.0"
      }
    },
    "node_modules/babylonjs": {
      "version": "6.46.0",
      "resolved": "https://registry.npmjs.org/babylonjs/-/babylonjs-6.46.0.tgz",
      "integrity": "sha512-YJRNSG4fE6xaHbfV9w7+0ilvxnOv94i7lZIzJ6EOrklk+bVPvVS2W5dc5SoX2ujtF26o79ynTaakK3HWOvN1tw==",
      "hasInstallScript": true
    },
    "node_modules/three": {
      "version": "0.162.0",
      "resolved": "https://registry.npmjs.org/three/-/three-0.162.0.tgz",
      "integrity": "sha512-xfCYj4RnlozReCmUd+XQzj6/5OjDNHBy5nT6rVwrOKGENAvpXe2z1jL+DZYaMu4/9pNsjH/4Os/VvS9IrH7IOQ=="
    }
  }
}
